
Microsoft Visual Studio Solution File, Format Version 12.00
# Visual Studio 15
Project("{FAE04EC0-301F-11D3-BF4B-00C04F79EFBC}") = "Assembly-CSharp", "Assembly-CSharp.csproj", "{4071AA02-A08F-EF33-F565-051812906C28}"
EndProject
Project("{FAE04EC0-301F-11D3-BF4B-00C04F79EFBC}") = "Unity.RenderPipelines.Core.Runtime", "Unity.RenderPipelines.Core.Runtime.csproj", "{BEDA5C8C-CDDE-3DA8-7859-0F89D61B0C1B}"
EndProject
Project("{FAE04EC0-301F-11D3-BF4B-00C04F79EFBC}") = "UnityEngine.TestRunner", "UnityEngine.TestRunner.csproj", "{A423F4CF-3053-253F-E8B6-E643B4CFEEAA}"
EndProject
Project("{FAE04EC0-301F-11D3-BF4B-00C04F79EFBC}") = "Unity.Mathematics", "Unity.Mathematics.csproj", "{EA9C2342-536E-D9BA-D2DC-80BEEC15C7F2}"
EndProject
Project("{FAE04EC0-301F-11D3-BF4B-00C04F79EFBC}") = "Unity.RenderPipelines.Universal.Runtime", "Unity.RenderPipelines.Universal.Runtime.csproj", "{EB3D9FBB-E8D3-217F-782A-40062861E692}"
EndProject
Project("{FAE04EC0-301F-11D3-BF4B-00C04F79EFBC}") = "Unity.TextMeshPro", "Unity.TextMeshPro.csproj", "{6BC90DC1-C7C1-1750-A8E9-B0CEDC1BA788}"
EndProject
Project("{FAE04EC0-301F-11D3-BF4B-00C04F79EFBC}") = "Unity.VisualEffectGraph.Runtime", "Unity.VisualEffectGraph.Runtime.csproj", "{7F84461E-508D-BECB-14FD-44625B8C0467}"
EndProject
Project("{FAE04EC0-301F-11D3-BF4B-00C04F79EFBC}") = "Unity.Timeline", "Unity.Timeline.csproj", "{067EA31F-8F30-9B4C-9C30-F8837E5C328E}"
EndProject
Project("{FAE04EC0-301F-11D3-BF4B-00C04F79EFBC}") = "Unity.RenderPipelines.Core.ShaderLibrary", "Unity.RenderPipelines.Core.ShaderLibrary.csproj", "{30FEA6B5-DE0C-B8C2-CBEB-138181786122}"
EndProject
Project("{FAE04EC0-301F-11D3-BF4B-00C04F79EFBC}") = "Unity.RenderPipeline.Universal.ShaderLibrary", "Unity.RenderPipeline.Universal.ShaderLibrary.csproj", "{A4BC3FFA-18C5-7E3F-8EB6-A738BC166429}"
EndProject
Project("{FAE04EC0-301F-11D3-BF4B-00C04F79EFBC}") = "Unity.RenderPipelines.Universal.Shaders", "Unity.RenderPipelines.Universal.Shaders.csproj", "{C6FB7960-5251-F159-7CB7-305A57F17FCE}"
EndProject
Project("{FAE04EC0-301F-11D3-BF4B-00C04F79EFBC}") = "Unity.RenderPipelines.ShaderGraph.ShaderGraphLibrary", "Unity.RenderPipelines.ShaderGraph.ShaderGraphLibrary.csproj", "{7B951FE4-7794-DEE9-F50B-66BE7C2DAF13}"
EndProject
Project("{FAE04EC0-301F-11D3-BF4B-00C04F79EFBC}") = "Unity.PlasticSCM.Editor", "Unity.PlasticSCM.Editor.csproj", "{6366CE64-3F0E-C1D6-642C-FAF3B74141B4}"
EndProject
Project("{FAE04EC0-301F-11D3-BF4B-00C04F79EFBC}") = "Unity.ShaderGraph.Editor", "Unity.ShaderGraph.Editor.csproj", "{5E69C1BD-54AA-6ED4-3FE0-8FC640864D0E}"
EndProject
Project("{FAE04EC0-301F-11D3-BF4B-00C04F79EFBC}") = "Unity.VisualEffectGraph.Editor", "Unity.VisualEffectGraph.Editor.csproj", "{1CA513F3-693B-8DDD-A645-E3D3202926C9}"
EndProject
Project("{FAE04EC0-301F-11D3-BF4B-00C04F79EFBC}") = "Unity.VisualStudio.Editor", "Unity.VisualStudio.Editor.csproj", "{8DF7A5B5-56A6-A5E4-0871-069811873D27}"
EndProject
Project("{FAE04EC0-301F-11D3-BF4B-00C04F79EFBC}") = "Unity.Timeline.Editor", "Unity.Timeline.Editor.csproj", "{7D190518-989D-FAEB-CB04-12D8DCD36FA9}"
EndProject
Project("{FAE04EC0-301F-11D3-BF4B-00C04F79EFBC}") = "Unity.TextMeshPro.Editor", "Unity.TextMeshPro.Editor.csproj", "{2371B78B-3516-6321-E592-3A753CF249CE}"
EndProject
Project("{FAE04EC0-301F-11D3-BF4B-00C04F79EFBC}") = "Unity.CollabProxy.Editor", "Unity.CollabProxy.Editor.csproj", "{25D633FD-8846-FEDF-B726-28EAF6BD177C}"
EndProject
Project("{FAE04EC0-301F-11D3-BF4B-00C04F79EFBC}") = "UnityEditor.TestRunner", "UnityEditor.TestRunner.csproj", "{AE0BB3B2-B3B5-C1BB-FB25-9BC7CC161728}"
EndProject
Project("{FAE04EC0-301F-11D3-BF4B-00C04F79EFBC}") = "Unity.Rider.Editor", "Unity.Rider.Editor.csproj", "{5BDC908B-A014-E8AD-D63F-94CBC48CF45B}"
EndProject
Project("{FAE04EC0-301F-11D3-BF4B-00C04F79EFBC}") = "Assembly-CSharp-Editor", "Assembly-CSharp-Editor.csproj", "{95051A7C-AC38-0574-F1CA-2991F7FBC851}"
EndProject
Project("{FAE04EC0-301F-11D3-BF4B-00C04F79EFBC}") = "Unity.RenderPipelines.Universal.Editor", "Unity.RenderPipelines.Universal.Editor.csproj", "{EA7B2E5B-583A-622E-5635-3B83E0C48096}"
EndProject
Project("{FAE04EC0-301F-11D3-BF4B-00C04F79EFBC}") = "Unity.Services.Core.Editor", "Unity.Services.Core.Editor.csproj", "{75CE3927-D004-B027-1748-A1E807013683}"
EndProject
Project("{FAE04EC0-301F-11D3-BF4B-00C04F79EFBC}") = "Unity.RenderPipelines.Core.Editor", "Unity.RenderPipelines.Core.Editor.csproj", "{41A279F4-3ABE-C6F9-84A0-FAAE430A2DCF}"
EndProject
Project("{FAE04EC0-301F-11D3-BF4B-00C04F79EFBC}") = "Unity.Searcher.Editor", "Unity.Searcher.Editor.csproj", "{106BC137-47F4-8CDB-8442-511170093448}"
EndProject
Project("{FAE04EC0-301F-11D3-BF4B-00C04F79EFBC}") = "Unity.VSCode.Editor", "Unity.VSCode.Editor.csproj", "{FEA84ED8-9852-ADC2-7BC8-3219BF96CFD7}"
EndProject
Project("{FAE04EC0-301F-11D3-BF4B-00C04F79EFBC}") = "Unity.Mathematics.Editor", "Unity.Mathematics.Editor.csproj", "{D0C80C25-9539-C1D2-7710-E1C923C2DCD5}"
EndProject
Project("{FAE04EC0-301F-11D3-BF4B-00C04F79EFBC}") = "Unity.ShaderGraph.Utilities", "Unity.ShaderGraph.Utilities.csproj", "{9BF67F66-BB22-8126-A5B5-1A0E84BCDFC4}"
EndProject
Project("{FAE04EC0-301F-11D3-BF4B-00C04F79EFBC}") = "Assembly-CSharp", "Assembly-CSharp.Player.csproj", "{79A071C9-C67B-D283-17DF-875B87E10FB7}"
EndProject
Project("{FAE04EC0-301F-11D3-BF4B-00C04F79EFBC}") = "Unity.RenderPipelines.Core.Runtime", "Unity.RenderPipelines.Core.Runtime.Player.csproj", "{F09F63DF-117F-5B4F-F165-3F78BCB348A2}"
EndProject
Project("{FAE04EC0-301F-11D3-BF4B-00C04F79EFBC}") = "UnityEngine.TestRunner", "UnityEngine.TestRunner.Player.csproj", "{8048FF0C-85D4-3856-A361-BC8A25C4ED21}"
EndProject
Project("{FAE04EC0-301F-11D3-BF4B-00C04F79EFBC}") = "Unity.Mathematics", "Unity.Mathematics.Player.csproj", "{06D3EBBA-8AE9-225F-BD0E-60EDC5786F2D}"
EndProject
Project("{FAE04EC0-301F-11D3-BF4B-00C04F79EFBC}") = "Unity.RenderPipelines.Universal.Runtime", "Unity.RenderPipelines.Universal.Runtime.Player.csproj", "{C53AF1FC-A6F8-2ADB-0B95-FA5088902E47}"
EndProject
Project("{FAE04EC0-301F-11D3-BF4B-00C04F79EFBC}") = "Unity.TextMeshPro", "Unity.TextMeshPro.Player.csproj", "{3DAF4F97-4D5F-875E-C97D-96ADAD42C301}"
EndProject
Project("{FAE04EC0-301F-11D3-BF4B-00C04F79EFBC}") = "Unity.VisualEffectGraph.Runtime", "Unity.VisualEffectGraph.Runtime.Player.csproj", "{ED918313-3232-27BC-7836-C6A8321316ED}"
EndProject
Project("{FAE04EC0-301F-11D3-BF4B-00C04F79EFBC}") = "Unity.Timeline", "Unity.Timeline.Player.csproj", "{4018BA3E-F9CE-834C-D974-4865C54C4DC5}"
EndProject
Project("{FAE04EC0-301F-11D3-BF4B-00C04F79EFBC}") = "Unity.RenderPipelines.Core.ShaderLibrary", "Unity.RenderPipelines.Core.ShaderLibrary.Player.csproj", "{4698E37F-E24A-F735-283E-3195DE0411BF}"
EndProject
Project("{FAE04EC0-301F-11D3-BF4B-00C04F79EFBC}") = "Unity.RenderPipeline.Universal.ShaderLibrary", "Unity.RenderPipeline.Universal.ShaderLibrary.Player.csproj", "{4B5ACF55-07BD-668F-C528-3A4539DE83B4}"
EndProject
Project("{FAE04EC0-301F-11D3-BF4B-00C04F79EFBC}") = "Unity.RenderPipelines.Universal.Shaders", "Unity.RenderPipelines.Universal.Shaders.Player.csproj", "{D23CDD10-B520-ED17-6AC4-6556459327C3}"
EndProject
Project("{FAE04EC0-301F-11D3-BF4B-00C04F79EFBC}") = "Unity.RenderPipelines.ShaderGraph.ShaderGraphLibrary", "Unity.RenderPipelines.ShaderGraph.ShaderGraphLibrary.Player.csproj", "{C5A117DF-01B8-DCEB-C725-AE903534BD71}"
EndProject
Global
	GlobalSection(SolutionConfigurationPlatforms) = preSolution
		Debug|Any CPU = Debug|Any CPU
		Release|Any CPU = Release|Any CPU
	EndGlobalSection
	GlobalSection(ProjectConfigurationPlatforms) = postSolution
		{4071AA02-A08F-EF33-F565-051812906C28}.Debug|Any CPU.ActiveCfg = Debug|Any CPU
		{4071AA02-A08F-EF33-F565-051812906C28}.Debug|Any CPU.Build.0 = Debug|Any CPU
		{4071AA02-A08F-EF33-F565-051812906C28}.Release|Any CPU.ActiveCfg = Release|Any CPU
		{4071AA02-A08F-EF33-F565-051812906C28}.Release|Any CPU.Build.0 = Release|Any CPU
		{BEDA5C8C-CDDE-3DA8-7859-0F89D61B0C1B}.Debug|Any CPU.ActiveCfg = Debug|Any CPU
		{BEDA5C8C-CDDE-3DA8-7859-0F89D61B0C1B}.Debug|Any CPU.Build.0 = Debug|Any CPU
		{BEDA5C8C-CDDE-3DA8-7859-0F89D61B0C1B}.Release|Any CPU.ActiveCfg = Release|Any CPU
		{BEDA5C8C-CDDE-3DA8-7859-0F89D61B0C1B}.Release|Any CPU.Build.0 = Release|Any CPU
		{A423F4CF-3053-253F-E8B6-E643B4CFEEAA}.Debug|Any CPU.ActiveCfg = Debug|Any CPU
		{A423F4CF-3053-253F-E8B6-E643B4CFEEAA}.Debug|Any CPU.Build.0 = Debug|Any CPU
		{A423F4CF-3053-253F-E8B6-E643B4CFEEAA}.Release|Any CPU.ActiveCfg = Release|Any CPU
		{A423F4CF-3053-253F-E8B6-E643B4CFEEAA}.Release|Any CPU.Build.0 = Release|Any CPU
		{EA9C2342-536E-D9BA-D2DC-80BEEC15C7F2}.Debug|Any CPU.ActiveCfg = Debug|Any CPU
		{EA9C2342-536E-D9BA-D2DC-80BEEC15C7F2}.Debug|Any CPU.Build.0 = Debug|Any CPU
		{EA9C2342-536E-D9BA-D2DC-80BEEC15C7F2}.Release|Any CPU.ActiveCfg = Release|Any CPU
		{EA9C2342-536E-D9BA-D2DC-80BEEC15C7F2}.Release|Any CPU.Build.0 = Release|Any CPU
		{EB3D9FBB-E8D3-217F-782A-40062861E692}.Debug|Any CPU.ActiveCfg = Debug|Any CPU
		{EB3D9FBB-E8D3-217F-782A-40062861E692}.Debug|Any CPU.Build.0 = Debug|Any CPU
		{EB3D9FBB-E8D3-217F-782A-40062861E692}.Release|Any CPU.ActiveCfg = Release|Any CPU
		{EB3D9FBB-E8D3-217F-782A-40062861E692}.Release|Any CPU.Build.0 = Release|Any CPU
		{6BC90DC1-C7C1-1750-A8E9-B0CEDC1BA788}.Debug|Any CPU.ActiveCfg = Debug|Any CPU
		{6BC90DC1-C7C1-1750-A8E9-B0CEDC1BA788}.Debug|Any CPU.Build.0 = Debug|Any CPU
		{6BC90DC1-C7C1-1750-A8E9-B0CEDC1BA788}.Release|Any CPU.ActiveCfg = Release|Any CPU
		{6BC90DC1-C7C1-1750-A8E9-B0CEDC1BA788}.Release|Any CPU.Build.0 = Release|Any CPU
		{7F84461E-508D-BECB-14FD-44625B8C0467}.Debug|Any CPU.ActiveCfg = Debug|Any CPU
		{7F84461E-508D-BECB-14FD-44625B8C0467}.Debug|Any CPU.Build.0 = Debug|Any CPU
		{7F84461E-508D-BECB-14FD-44625B8C0467}.Release|Any CPU.ActiveCfg = Release|Any CPU
		{7F84461E-508D-BECB-14FD-44625B8C0467}.Release|Any CPU.Build.0 = Release|Any CPU
		{067EA31F-8F30-9B4C-9C30-F8837E5C328E}.Debug|Any CPU.ActiveCfg = Debug|Any CPU
		{067EA31F-8F30-9B4C-9C30-F8837E5C328E}.Debug|Any CPU.Build.0 = Debug|Any CPU
		{067EA31F-8F30-9B4C-9C30-F8837E5C328E}.Release|Any CPU.ActiveCfg = Release|Any CPU
		{067EA31F-8F30-9B4C-9C30-F8837E5C328E}.Release|Any CPU.Build.0 = Release|Any CPU
		{30FEA6B5-DE0C-B8C2-CBEB-138181786122}.Debug|Any CPU.ActiveCfg = Debug|Any CPU
		{30FEA6B5-DE0C-B8C2-CBEB-138181786122}.Debug|Any CPU.Build.0 = Debug|Any CPU
		{30FEA6B5-DE0C-B8C2-CBEB-138181786122}.Release|Any CPU.ActiveCfg = Release|Any CPU
		{30FEA6B5-DE0C-B8C2-CBEB-138181786122}.Release|Any CPU.Build.0 = Release|Any CPU
		{A4BC3FFA-18C5-7E3F-8EB6-A738BC166429}.Debug|Any CPU.ActiveCfg = Debug|Any CPU
		{A4BC3FFA-18C5-7E3F-8EB6-A738BC166429}.Debug|Any CPU.Build.0 = Debug|Any CPU
		{A4BC3FFA-18C5-7E3F-8EB6-A738BC166429}.Release|Any CPU.ActiveCfg = Release|Any CPU
		{A4BC3FFA-18C5-7E3F-8EB6-A738BC166429}.Release|Any CPU.Build.0 = Release|Any CPU
		{C6FB7960-5251-F159-7CB7-305A57F17FCE}.Debug|Any CPU.ActiveCfg = Debug|Any CPU
		{C6FB7960-5251-F159-7CB7-305A57F17FCE}.Debug|Any CPU.Build.0 = Debug|Any CPU
		{C6FB7960-5251-F159-7CB7-305A57F17FCE}.Release|Any CPU.ActiveCfg = Release|Any CPU
		{C6FB7960-5251-F159-7CB7-305A57F17FCE}.Release|Any CPU.Build.0 = Release|Any CPU
		{7B951FE4-7794-DEE9-F50B-66BE7C2DAF13}.Debug|Any CPU.ActiveCfg = Debug|Any CPU
		{7B951FE4-7794-DEE9-F50B-66BE7C2DAF13}.Debug|Any CPU.Build.0 = Debug|Any CPU
		{7B951FE4-7794-DEE9-F50B-66BE7C2DAF13}.Release|Any CPU.ActiveCfg = Release|Any CPU
		{7B951FE4-7794-DEE9-F50B-66BE7C2DAF13}.Release|Any CPU.Build.0 = Release|Any CPU
		{6366CE64-3F0E-C1D6-642C-FAF3B74141B4}.Debug|Any CPU.ActiveCfg = Debug|Any CPU
		{6366CE64-3F0E-C1D6-642C-FAF3B74141B4}.Debug|Any CPU.Build.0 = Debug|Any CPU
		{6366CE64-3F0E-C1D6-642C-FAF3B74141B4}.Release|Any CPU.ActiveCfg = Release|Any CPU
		{6366CE64-3F0E-C1D6-642C-FAF3B74141B4}.Release|Any CPU.Build.0 = Release|Any CPU
		{5E69C1BD-54AA-6ED4-3FE0-8FC640864D0E}.Debug|Any CPU.ActiveCfg = Debug|Any CPU
		{5E69C1BD-54AA-6ED4-3FE0-8FC640864D0E}.Debug|Any CPU.Build.0 = Debug|Any CPU
		{5E69C1BD-54AA-6ED4-3FE0-8FC640864D0E}.Release|Any CPU.ActiveCfg = Release|Any CPU
		{5E69C1BD-54AA-6ED4-3FE0-8FC640864D0E}.Release|Any CPU.Build.0 = Release|Any CPU
		{1CA513F3-693B-8DDD-A645-E3D3202926C9}.Debug|Any CPU.ActiveCfg = Debug|Any CPU
		{1CA513F3-693B-8DDD-A645-E3D3202926C9}.Debug|Any CPU.Build.0 = Debug|Any CPU
		{1CA513F3-693B-8DDD-A645-E3D3202926C9}.Release|Any CPU.ActiveCfg = Release|Any CPU
		{1CA513F3-693B-8DDD-A645-E3D3202926C9}.Release|Any CPU.Build.0 = Release|Any CPU
		{8DF7A5B5-56A6-A5E4-0871-069811873D27}.Debug|Any CPU.ActiveCfg = Debug|Any CPU
		{8DF7A5B5-56A6-A5E4-0871-069811873D27}.Debug|Any CPU.Build.0 = Debug|Any CPU
		{8DF7A5B5-56A6-A5E4-0871-069811873D27}.Release|Any CPU.ActiveCfg = Release|Any CPU
		{8DF7A5B5-56A6-A5E4-0871-069811873D27}.Release|Any CPU.Build.0 = Release|Any CPU
		{7D190518-989D-FAEB-CB04-12D8DCD36FA9}.Debug|Any CPU.ActiveCfg = Debug|Any CPU
		{7D190518-989D-FAEB-CB04-12D8DCD36FA9}.Debug|Any CPU.Build.0 = Debug|Any CPU
		{7D190518-989D-FAEB-CB04-12D8DCD36FA9}.Release|Any CPU.ActiveCfg = Release|Any CPU
		{7D190518-989D-FAEB-CB04-12D8DCD36FA9}.Release|Any CPU.Build.0 = Release|Any CPU
		{2371B78B-3516-6321-E592-3A753CF249CE}.Debug|Any CPU.ActiveCfg = Debug|Any CPU
		{2371B78B-3516-6321-E592-3A753CF249CE}.Debug|Any CPU.Build.0 = Debug|Any CPU
		{2371B78B-3516-6321-E592-3A753CF249CE}.Release|Any CPU.ActiveCfg = Release|Any CPU
		{2371B78B-3516-6321-E592-3A753CF249CE}.Release|Any CPU.Build.0 = Release|Any CPU
		{25D633FD-8846-FEDF-B726-28EAF6BD177C}.Debug|Any CPU.ActiveCfg = Debug|Any CPU
		{25D633FD-8846-FEDF-B726-28EAF6BD177C}.Debug|Any CPU.Build.0 = Debug|Any CPU
		{25D633FD-8846-FEDF-B726-28EAF6BD177C}.Release|Any CPU.ActiveCfg = Release|Any CPU
		{25D633FD-8846-FEDF-B726-28EAF6BD177C}.Release|Any CPU.Build.0 = Release|Any CPU
		{AE0BB3B2-B3B5-C1BB-FB25-9BC7CC161728}.Debug|Any CPU.ActiveCfg = Debug|Any CPU
		{AE0BB3B2-B3B5-C1BB-FB25-9BC7CC161728}.Debug|Any CPU.Build.0 = Debug|Any CPU
		{AE0BB3B2-B3B5-C1BB-FB25-9BC7CC161728}.Release|Any CPU.ActiveCfg = Release|Any CPU
		{AE0BB3B2-B3B5-C1BB-FB25-9BC7CC161728}.Release|Any CPU.Build.0 = Release|Any CPU
		{5BDC908B-A014-E8AD-D63F-94CBC48CF45B}.Debug|Any CPU.ActiveCfg = Debug|Any CPU
		{5BDC908B-A014-E8AD-D63F-94CBC48CF45B}.Debug|Any CPU.Build.0 = Debug|Any CPU
		{5BDC908B-A014-E8AD-D63F-94CBC48CF45B}.Release|Any CPU.ActiveCfg = Release|Any CPU
		{5BDC908B-A014-E8AD-D63F-94CBC48CF45B}.Release|Any CPU.Build.0 = Release|Any CPU
		{95051A7C-AC38-0574-F1CA-2991F7FBC851}.Debug|Any CPU.ActiveCfg = Debug|Any CPU
		{95051A7C-AC38-0574-F1CA-2991F7FBC851}.Debug|Any CPU.Build.0 = Debug|Any CPU
		{95051A7C-AC38-0574-F1CA-2991F7FBC851}.Release|Any CPU.ActiveCfg = Release|Any CPU
		{95051A7C-AC38-0574-F1CA-2991F7FBC851}.Release|Any CPU.Build.0 = Release|Any CPU
		{EA7B2E5B-583A-622E-5635-3B83E0C48096}.Debug|Any CPU.ActiveCfg = Debug|Any CPU
		{EA7B2E5B-583A-622E-5635-3B83E0C48096}.Debug|Any CPU.Build.0 = Debug|Any CPU
		{EA7B2E5B-583A-622E-5635-3B83E0C48096}.Release|Any CPU.ActiveCfg = Release|Any CPU
		{EA7B2E5B-583A-622E-5635-3B83E0C48096}.Release|Any CPU.Build.0 = Release|Any CPU
		{75CE3927-D004-B027-1748-A1E807013683}.Debug|Any CPU.ActiveCfg = Debug|Any CPU
		{75CE3927-D004-B027-1748-A1E807013683}.Debug|Any CPU.Build.0 = Debug|Any CPU
		{75CE3927-D004-B027-1748-A1E807013683}.Release|Any CPU.ActiveCfg = Release|Any CPU
		{75CE3927-D004-B027-1748-A1E807013683}.Release|Any CPU.Build.0 = Release|Any CPU
		{41A279F4-3ABE-C6F9-84A0-FAAE430A2DCF}.Debug|Any CPU.ActiveCfg = Debug|Any CPU
		{41A279F4-3ABE-C6F9-84A0-FAAE430A2DCF}.Debug|Any CPU.Build.0 = Debug|Any CPU
		{41A279F4-3ABE-C6F9-84A0-FAAE430A2DCF}.Release|Any CPU.ActiveCfg = Release|Any CPU
		{41A279F4-3ABE-C6F9-84A0-FAAE430A2DCF}.Release|Any CPU.Build.0 = Release|Any CPU
		{106BC137-47F4-8CDB-8442-511170093448}.Debug|Any CPU.ActiveCfg = Debug|Any CPU
		{106BC137-47F4-8CDB-8442-511170093448}.Debug|Any CPU.Build.0 = Debug|Any CPU
		{106BC137-47F4-8CDB-8442-511170093448}.Release|Any CPU.ActiveCfg = Release|Any CPU
		{106BC137-47F4-8CDB-8442-511170093448}.Release|Any CPU.Build.0 = Release|Any CPU
		{FEA84ED8-9852-ADC2-7BC8-3219BF96CFD7}.Debug|Any CPU.ActiveCfg = Debug|Any CPU
		{FEA84ED8-9852-ADC2-7BC8-3219BF96CFD7}.Debug|Any CPU.Build.0 = Debug|Any CPU
		{FEA84ED8-9852-ADC2-7BC8-3219BF96CFD7}.Release|Any CPU.ActiveCfg = Release|Any CPU
		{FEA84ED8-9852-ADC2-7BC8-3219BF96CFD7}.Release|Any CPU.Build.0 = Release|Any CPU
		{D0C80C25-9539-C1D2-7710-E1C923C2DCD5}.Debug|Any CPU.ActiveCfg = Debug|Any CPU
		{D0C80C25-9539-C1D2-7710-E1C923C2DCD5}.Debug|Any CPU.Build.0 = Debug|Any CPU
		{D0C80C25-9539-C1D2-7710-E1C923C2DCD5}.Release|Any CPU.ActiveCfg = Release|Any CPU
		{D0C80C25-9539-C1D2-7710-E1C923C2DCD5}.Release|Any CPU.Build.0 = Release|Any CPU
		{9BF67F66-BB22-8126-A5B5-1A0E84BCDFC4}.Debug|Any CPU.ActiveCfg = Debug|Any CPU
		{9BF67F66-BB22-8126-A5B5-1A0E84BCDFC4}.Debug|Any CPU.Build.0 = Debug|Any CPU
		{9BF67F66-BB22-8126-A5B5-1A0E84BCDFC4}.Release|Any CPU.ActiveCfg = Release|Any CPU
		{9BF67F66-BB22-8126-A5B5-1A0E84BCDFC4}.Release|Any CPU.Build.0 = Release|Any CPU
		{79A071C9-C67B-D283-17DF-875B87E10FB7}.Debug|Any CPU.ActiveCfg = Debug|Any CPU
		{79A071C9-C67B-D283-17DF-875B87E10FB7}.Debug|Any CPU.Build.0 = Debug|Any CPU
		{79A071C9-C67B-D283-17DF-875B87E10FB7}.Release|Any CPU.ActiveCfg = Release|Any CPU
		{79A071C9-C67B-D283-17DF-875B87E10FB7}.Release|Any CPU.Build.0 = Release|Any CPU
		{F09F63DF-117F-5B4F-F165-3F78BCB348A2}.Debug|Any CPU.ActiveCfg = Debug|Any CPU
		{F09F63DF-117F-5B4F-F165-3F78BCB348A2}.Debug|Any CPU.Build.0 = Debug|Any CPU
		{F09F63DF-117F-5B4F-F165-3F78BCB348A2}.Release|Any CPU.ActiveCfg = Release|Any CPU
		{F09F63DF-117F-5B4F-F165-3F78BCB348A2}.Release|Any CPU.Build.0 = Release|Any CPU
		{8048FF0C-85D4-3856-A361-BC8A25C4ED21}.Debug|Any CPU.ActiveCfg = Debug|Any CPU
		{8048FF0C-85D4-3856-A361-BC8A25C4ED21}.Debug|Any CPU.Build.0 = Debug|Any CPU
		{8048FF0C-85D4-3856-A361-BC8A25C4ED21}.Release|Any CPU.ActiveCfg = Release|Any CPU
		{8048FF0C-85D4-3856-A361-BC8A25C4ED21}.Release|Any CPU.Build.0 = Release|Any CPU
		{06D3EBBA-8AE9-225F-BD0E-60EDC5786F2D}.Debug|Any CPU.ActiveCfg = Debug|Any CPU
		{06D3EBBA-8AE9-225F-BD0E-60EDC5786F2D}.Debug|Any CPU.Build.0 = Debug|Any CPU
		{06D3EBBA-8AE9-225F-BD0E-60EDC5786F2D}.Release|Any CPU.ActiveCfg = Release|Any CPU
		{06D3EBBA-8AE9-225F-BD0E-60EDC5786F2D}.Release|Any CPU.Build.0 = Release|Any CPU
		{C53AF1FC-A6F8-2ADB-0B95-FA5088902E47}.Debug|Any CPU.ActiveCfg = Debug|Any CPU
		{C53AF1FC-A6F8-2ADB-0B95-FA5088902E47}.Debug|Any CPU.Build.0 = Debug|Any CPU
		{C53AF1FC-A6F8-2ADB-0B95-FA5088902E47}.Release|Any CPU.ActiveCfg = Release|Any CPU
		{C53AF1FC-A6F8-2ADB-0B95-FA5088902E47}.Release|Any CPU.Build.0 = Release|Any CPU
		{3DAF4F97-4D5F-875E-C97D-96ADAD42C301}.Debug|Any CPU.ActiveCfg = Debug|Any CPU
		{3DAF4F97-4D5F-875E-C97D-96ADAD42C301}.Debug|Any CPU.Build.0 = Debug|Any CPU
		{3DAF4F97-4D5F-875E-C97D-96ADAD42C301}.Release|Any CPU.ActiveCfg = Release|Any CPU
		{3DAF4F97-4D5F-875E-C97D-96ADAD42C301}.Release|Any CPU.Build.0 = Release|Any CPU
		{ED918313-3232-27BC-7836-C6A8321316ED}.Debug|Any CPU.ActiveCfg = Debug|Any CPU
		{ED918313-3232-27BC-7836-C6A8321316ED}.Debug|Any CPU.Build.0 = Debug|Any CPU
		{ED918313-3232-27BC-7836-C6A8321316ED}.Release|Any CPU.ActiveCfg = Release|Any CPU
		{ED918313-3232-27BC-7836-C6A8321316ED}.Release|Any CPU.Build.0 = Release|Any CPU
		{4018BA3E-F9CE-834C-D974-4865C54C4DC5}.Debug|Any CPU.ActiveCfg = Debug|Any CPU
		{4018BA3E-F9CE-834C-D974-4865C54C4DC5}.Debug|Any CPU.Build.0 = Debug|Any CPU
		{4018BA3E-F9CE-834C-D974-4865C54C4DC5}.Release|Any CPU.ActiveCfg = Release|Any CPU
		{4018BA3E-F9CE-834C-D974-4865C54C4DC5}.Release|Any CPU.Build.0 = Release|Any CPU
		{4698E37F-E24A-F735-283E-3195DE0411BF}.Debug|Any CPU.ActiveCfg = Debug|Any CPU
		{4698E37F-E24A-F735-283E-3195DE0411BF}.Debug|Any CPU.Build.0 = Debug|Any CPU
		{4698E37F-E24A-F735-283E-3195DE0411BF}.Release|Any CPU.ActiveCfg = Release|Any CPU
		{4698E37F-E24A-F735-283E-3195DE0411BF}.Release|Any CPU.Build.0 = Release|Any CPU
		{4B5ACF55-07BD-668F-C528-3A4539DE83B4}.Debug|Any CPU.ActiveCfg = Debug|Any CPU
		{4B5ACF55-07BD-668F-C528-3A4539DE83B4}.Debug|Any CPU.Build.0 = Debug|Any CPU
		{4B5ACF55-07BD-668F-C528-3A4539DE83B4}.Release|Any CPU.ActiveCfg = Release|Any CPU
		{4B5ACF55-07BD-668F-C528-3A4539DE83B4}.Release|Any CPU.Build.0 = Release|Any CPU
		{D23CDD10-B520-ED17-6AC4-6556459327C3}.Debug|Any CPU.ActiveCfg = Debug|Any CPU
		{D23CDD10-B520-ED17-6AC4-6556459327C3}.Debug|Any CPU.Build.0 = Debug|Any CPU
		{D23CDD10-B520-ED17-6AC4-6556459327C3}.Release|Any CPU.ActiveCfg = Release|Any CPU
		{D23CDD10-B520-ED17-6AC4-6556459327C3}.Release|Any CPU.Build.0 = Release|Any CPU
		{C5A117DF-01B8-DCEB-C725-AE903534BD71}.Debug|Any CPU.ActiveCfg = Debug|Any CPU
		{C5A117DF-01B8-DCEB-C725-AE903534BD71}.Debug|Any CPU.Build.0 = Debug|Any CPU
		{C5A117DF-01B8-DCEB-C725-AE903534BD71}.Release|Any CPU.ActiveCfg = Release|Any CPU
		{C5A117DF-01B8-DCEB-C725-AE903534BD71}.Release|Any CPU.Build.0 = Release|Any CPU
	EndGlobalSection
	GlobalSection(SolutionProperties) = preSolution
		HideSolutionNode = FALSE
	EndGlobalSection
EndGlobal
